
Microsoft Visual Studio Solution File, Format Version 12.00
# Visual Studio Version 17
VisualStudioVersion = 17.5.33502.453
MinimumVisualStudioVersion = 10.0.40219.1
Project("{FAE04EC0-301F-11D3-BF4B-00C04F79EFBC}") = "WebApp_UnderTheHood", "WebApp_UnderTheHood\WebApp_UnderTheHood.csproj", "{8AB7A5D1-84F6-47EC-929D-5AAA04C294CD}"
EndProject
Global
	GlobalSection(SolutionConfigurationPlatforms) = preSolution
		Debug|Any CPU = Debug|Any CPU
		Release|Any CPU = Release|Any CPU
	EndGlobalSection
	GlobalSection(ProjectConfigurationPlatforms) = postSolution
		{8AB7A5D1-84F6-47EC-929D-5AAA04C294CD}.Debug|Any CPU.ActiveCfg = Debug|Any CPU
		{8AB7A5D1-84F6-47EC-929D-5AAA04C294CD}.Debug|Any CPU.Build.0 = Debug|Any CPU
		{8AB7A5D1-84F6-47EC-929D-5AAA04C294CD}.Release|Any CPU.ActiveCfg = Release|Any CPU
		{8AB7A5D1-84F6-47EC-929D-5AAA04C294CD}.Release|Any CPU.Build.0 = Release|Any CPU
	EndGlobalSection
	GlobalSection(SolutionProperties) = preSolution
		HideSolutionNode = FALSE
	EndGlobalSection
	GlobalSection(ExtensibilityGlobals) = postSolution
		SolutionGuid = {1DD5A748-C0E5-4B5B-9D78-4C909D999AE4}
	EndGlobalSection
EndGlobal
